
Microsoft Visual Studio Solution File, Format Version 12.00
# Visual Studio Version 16
VisualStudioVersion = 16.0.31729.503
MinimumVisualStudioVersion = 10.0.40219.1
Project("{FAE04EC0-301F-11D3-BF4B-00C04F79EFBC}") = "HospitalRegistry", "HospitalRegistry\HospitalRegistry.csproj", "{B71D1920-1482-4BDC-AC95-0608356F84E3}"
EndProject
Global
	GlobalSection(SolutionConfigurationPlatforms) = preSolution
		Debug|Any CPU = Debug|Any CPU
		Release|Any CPU = Release|Any CPU
	EndGlobalSection
	GlobalSection(ProjectConfigurationPlatforms) = postSolution
		{B71D1920-1482-4BDC-AC95-0608356F84E3}.Debug|Any CPU.ActiveCfg = Debug|Any CPU
		{B71D1920-1482-4BDC-AC95-0608356F84E3}.Debug|Any CPU.Build.0 = Debug|Any CPU
		{B71D1920-1482-4BDC-AC95-0608356F84E3}.Release|Any CPU.ActiveCfg = Release|Any CPU
		{B71D1920-1482-4BDC-AC95-0608356F84E3}.Release|Any CPU.Build.0 = Release|Any CPU
	EndGlobalSection
	GlobalSection(SolutionProperties) = preSolution
		HideSolutionNode = FALSE
	EndGlobalSection
	GlobalSection(ExtensibilityGlobals) = postSolution
		SolutionGuid = {A322602C-BF76-4B8C-A931-9643C14895D9}
	EndGlobalSection
EndGlobal
